// !$*UTF8*$!
{
	archiveVersion = 1;
	classes = {
	};
	objectVersion = 50;
	objects = {

/* Begin PBXBuildFile section */
		64BE7DF11380DE31F47A7CE9 /* Pods_Todoey.framework in Frameworks */ = {isa = PBXBuildFile; fileRef = 5655E65B33A4252DBF2D2821 /* Pods_Todoey.framework */; };
		A8316EE320A852E900AD4E69 /* AppDelegate.swift in Sources */ = {isa = PBXBuildFile; fileRef = A8316EE220A852E900AD4E69 /* AppDelegate.swift */; };
		A8316EE520A852EA00AD4E69 /* TodoListController.swift in Sources */ = {isa = PBXBuildFile; fileRef = A8316EE420A852EA00AD4E69 /* TodoListController.swift */; };
		A8316EE820A852EA00AD4E69 /* Main.storyboard in Resources */ = {isa = PBXBuildFile; fileRef = A8316EE620A852EA00AD4E69 /* Main.storyboard */; };
		A8316EEA20A852EA00AD4E69 /* Assets.xcassets in Resources */ = {isa = PBXBuildFile; fileRef = A8316EE920A852EA00AD4E69 /* Assets.xcassets */; };
		A8316EED20A852EA00AD4E69 /* LaunchScreen.storyboard in Resources */ = {isa = PBXBuildFile; fileRef = A8316EEB20A852EA00AD4E69 /* LaunchScreen.storyboard */; };
		A853480220B072E9004C5A10 /* Item.swift in Sources */ = {isa = PBXBuildFile; fileRef = A853480120B072E9004C5A10 /* Item.swift */; };
		A853480420B072FA004C5A10 /* Catalog.swift in Sources */ = {isa = PBXBuildFile; fileRef = A853480320B072FA004C5A10 /* Catalog.swift */; };
		A87444A720B00FC6000C38BA /* CatalogController.swift in Sources */ = {isa = PBXBuildFile; fileRef = A87444A620B00FC6000C38BA /* CatalogController.swift */; };
/* End PBXBuildFile section */

/* Begin PBXFileReference section */
		0B78AC062FAE1C3BCE8DA488 /* Pods-Todoey.debug.xcconfig */ = {isa = PBXFileReference; includeInIndex = 1; lastKnownFileType = text.xcconfig; name = "Pods-Todoey.debug.xcconfig"; path = "Pods/Target Support Files/Pods-Todoey/Pods-Todoey.debug.xcconfig"; sourceTree = "<group>"; };
		5655E65B33A4252DBF2D2821 /* Pods_Todoey.framework */ = {isa = PBXFileReference; explicitFileType = wrapper.framework; includeInIndex = 0; path = Pods_Todoey.framework; sourceTree = BUILT_PRODUCTS_DIR; };
		5980A76AB32FFD5BD36E91C8 /* Pods-Todoey.release.xcconfig */ = {isa = PBXFileReference; includeInIndex = 1; lastKnownFileType = text.xcconfig; name = "Pods-Todoey.release.xcconfig"; path = "Pods/Target Support Files/Pods-Todoey/Pods-Todoey.release.xcconfig"; sourceTree = "<group>"; };
		A8316EDF20A852E900AD4E69 /* Todoey.app */ = {isa = PBXFileReference; explicitFileType = wrapper.application; includeInIndex = 0; path = Todoey.app; sourceTree = BUILT_PRODUCTS_DIR; };
		A8316EE220A852E900AD4E69 /* AppDelegate.swift */ = {isa = PBXFileReference; lastKnownFileType = sourcecode.swift; path = AppDelegate.swift; sourceTree = "<group>"; };
		A8316EE420A852EA00AD4E69 /* TodoListController.swift */ = {isa = PBXFileReference; lastKnownFileType = sourcecode.swift; path = TodoListController.swift; sourceTree = "<group>"; };
		A8316EE720A852EA00AD4E69 /* Base */ = {isa = PBXFileReference; lastKnownFileType = file.storyboard; name = Base; path = Base.lproj/Main.storyboard; sourceTree = "<group>"; };
		A8316EE920A852EA00AD4E69 /* Assets.xcassets */ = {isa = PBXFileReference; lastKnownFileType = folder.assetcatalog; path = Assets.xcassets; sourceTree = "<group>"; };
		A8316EEC20A852EA00AD4E69 /* Base */ = {isa = PBXFileReference; lastKnownFileType = file.storyboard; name = Base; path = Base.lproj/LaunchScreen.storyboard; sourceTree = "<group>"; };
		A8316EEE20A852EA00AD4E69 /* Info.plist */ = {isa = PBXFileReference; lastKnownFileType = text.plist.xml; path = Info.plist; sourceTree = "<group>"; };
		A853480120B072E9004C5A10 /* Item.swift */ = {isa = PBXFileReference; lastKnownFileType = sourcecode.swift; path = Item.swift; sourceTree = "<group>"; };
		A853480320B072FA004C5A10 /* Catalog.swift */ = {isa = PBXFileReference; lastKnownFileType = sourcecode.swift; path = Catalog.swift; sourceTree = "<group>"; };
		A87444A620B00FC6000C38BA /* CatalogController.swift */ = {isa = PBXFileReference; lastKnownFileType = sourcecode.swift; path = CatalogController.swift; sourceTree = "<group>"; };
/* End PBXFileReference section */

/* Begin PBXFrameworksBuildPhase section */
		A8316EDC20A852E900AD4E69 /* Frameworks */ = {
			isa = PBXFrameworksBuildPhase;
			buildActionMask = 2147483647;
			files = (
				64BE7DF11380DE31F47A7CE9 /* Pods_Todoey.framework in Frameworks */,
			);
			runOnlyForDeploymentPostprocessing = 0;
		};
/* End PBXFrameworksBuildPhase section */

/* Begin PBXGroup section */
		71543FBC20FBFAA3F28F7D9A /* Frameworks */ = {
			isa = PBXGroup;
			children = (
				5655E65B33A4252DBF2D2821 /* Pods_Todoey.framework */,
			);
			name = Frameworks;
			sourceTree = "<group>";
		};
		9C549FA2BE9E3F6A4A4D4064 /* Pods */ = {
			isa = PBXGroup;
			children = (
				0B78AC062FAE1C3BCE8DA488 /* Pods-Todoey.debug.xcconfig */,
				5980A76AB32FFD5BD36E91C8 /* Pods-Todoey.release.xcconfig */,
			);
			name = Pods;
			sourceTree = "<group>";
		};
		A81E315C20A9DF84007678BC /* ViewControllers */ = {
			isa = PBXGroup;
			children = (
				A8316EE220A852E900AD4E69 /* AppDelegate.swift */,
				A8316EE420A852EA00AD4E69 /* TodoListController.swift */,
				A87444A620B00FC6000C38BA /* CatalogController.swift */,
			);
			path = ViewControllers;
			sourceTree = "<group>";
		};
		A81E315D20A9DF90007678BC /* Data Models */ = {
			isa = PBXGroup;
			children = (
				A853480120B072E9004C5A10 /* Item.swift */,
				A853480320B072FA004C5A10 /* Catalog.swift */,
			);
			path = "Data Models";
			sourceTree = "<group>";
		};
		A81E315E20A9DF94007678BC /* Views */ = {
			isa = PBXGroup;
			children = (
				A81E315F20A9E080007678BC /* CustomView */,
				A8316EE620A852EA00AD4E69 /* Main.storyboard */,
			);
			path = Views;
			sourceTree = "<group>";
		};
		A81E315F20A9E080007678BC /* CustomView */ = {
			isa = PBXGroup;
			children = (
			);
			path = CustomView;
			sourceTree = "<group>";
		};
		A8316ED620A852E900AD4E69 = {
			isa = PBXGroup;
			children = (
				A8316EE120A852E900AD4E69 /* Todoey */,
				A8316EE020A852E900AD4E69 /* Products */,
				9C549FA2BE9E3F6A4A4D4064 /* Pods */,
				71543FBC20FBFAA3F28F7D9A /* Frameworks */,
			);
			sourceTree = "<group>";
		};
		A8316EE020A852E900AD4E69 /* Products */ = {
			isa = PBXGroup;
			children = (
				A8316EDF20A852E900AD4E69 /* Todoey.app */,
			);
			name = Products;
			sourceTree = "<group>";
		};
		A8316EE120A852E900AD4E69 /* Todoey */ = {
			isa = PBXGroup;
			children = (
				A885A59820AC8A690013D250 /* Resources */,
				A81E315E20A9DF94007678BC /* Views */,
				A81E315D20A9DF90007678BC /* Data Models */,
				A81E315C20A9DF84007678BC /* ViewControllers */,
				A8316EE920A852EA00AD4E69 /* Assets.xcassets */,
				A8316EEB20A852EA00AD4E69 /* LaunchScreen.storyboard */,
				A8316EEE20A852EA00AD4E69 /* Info.plist */,
			);
			path = Todoey;
			sourceTree = "<group>";
		};
		A885A59820AC8A690013D250 /* Resources */ = {
			isa = PBXGroup;
			children = (
				A885A59920AC8A710013D250 /* Databases */,
			);
			path = Resources;
			sourceTree = "<group>";
		};
		A885A59920AC8A710013D250 /* Databases */ = {
			isa = PBXGroup;
			children = (
			);
			path = Databases;
			sourceTree = "<group>";
		};
/* End PBXGroup section */

/* Begin PBXNativeTarget section */
		A8316EDE20A852E900AD4E69 /* Todoey */ = {
			isa = PBXNativeTarget;
			buildConfigurationList = A8316EF120A852EA00AD4E69 /* Build configuration list for PBXNativeTarget "Todoey" */;
			buildPhases = (
				9192BFB48592489C0A2BCA6A /* [CP] Check Pods Manifest.lock */,
				A8316EDB20A852E900AD4E69 /* Sources */,
				A8316EDC20A852E900AD4E69 /* Frameworks */,
				A8316EDD20A852E900AD4E69 /* Resources */,
				937B293B7C6B487BE6E240E5 /* [CP] Embed Pods Frameworks */,
			);
			buildRules = (
			);
			dependencies = (
			);
			name = Todoey;
			productName = Todoey;
			productReference = A8316EDF20A852E900AD4E69 /* Todoey.app */;
			productType = "com.apple.product-type.application";
		};
/* End PBXNativeTarget section */

/* Begin PBXProject section */
		A8316ED720A852E900AD4E69 /* Project object */ = {
			isa = PBXProject;
			attributes = {
				LastSwiftUpdateCheck = 0930;
				LastUpgradeCheck = 0930;
				ORGANIZATIONNAME = "Tran Thanh Bang";
				TargetAttributes = {
					A8316EDE20A852E900AD4E69 = {
						CreatedOnToolsVersion = 9.3;
					};
				};
			};
			buildConfigurationList = A8316EDA20A852E900AD4E69 /* Build configuration list for PBXProject "Todoey" */;
			compatibilityVersion = "Xcode 9.3";
			developmentRegion = en;
			hasScannedForEncodings = 0;
			knownRegions = (
				en,
				Base,
			);
			mainGroup = A8316ED620A852E900AD4E69;
			productRefGroup = A8316EE020A852E900AD4E69 /* Products */;
			projectDirPath = "";
			projectRoot = "";
			targets = (
				A8316EDE20A852E900AD4E69 /* Todoey */,
			);
		};
/* End PBXProject section */

/* Begin PBXResourcesBuildPhase section */
		A8316EDD20A852E900AD4E69 /* Resources */ = {
			isa = PBXResourcesBuildPhase;
			buildActionMask = 2147483647;
			files = (
				A8316EED20A852EA00AD4E69 /* LaunchScreen.storyboard in Resources */,
				A8316EEA20A852EA00AD4E69 /* Assets.xcassets in Resources */,
				A8316EE820A852EA00AD4E69 /* Main.storyboard in Resources */,
			);
			runOnlyForDeploymentPostprocessing = 0;
		};
/* End PBXResourcesBuildPhase section */

/* Begin PBXShellScriptBuildPhase section */
		9192BFB48592489C0A2BCA6A /* [CP] Check Pods Manifest.lock */ = {
			isa = PBXShellScriptBuildPhase;
			buildActionMask = 2147483647;
			files = (
			);
			inputPaths = (
				"${PODS_PODFILE_DIR_PATH}/Podfile.lock",
				"${PODS_ROOT}/Manifest.lock",
			);
			name = "[CP] Check Pods Manifest.lock";
			outputPaths = (
				"$(DERIVED_FILE_DIR)/Pods-Todoey-checkManifestLockResult.txt",
			);
			runOnlyForDeploymentPostprocessing = 0;
			shellPath = /bin/sh;
			shellScript = "diff \"${PODS_PODFILE_DIR_PATH}/Podfile.lock\" \"${PODS_ROOT}/Manifest.lock\" > /dev/null\nif [ $? != 0 ] ; then\n    # print error to STDERR\n    echo \"error: The sandbox is not in sync with the Podfile.lock. Run 'pod install' or update your CocoaPods installation.\" >&2\n    exit 1\nfi\n# This output is used by Xcode 'outputs' to avoid re-running this script phase.\necho \"SUCCESS\" > \"${SCRIPT_OUTPUT_FILE_0}\"\n";
			showEnvVarsInLog = 0;
		};
		937B293B7C6B487BE6E240E5 /* [CP] Embed Pods Frameworks */ = {
			isa = PBXShellScriptBuildPhase;
			buildActionMask = 2147483647;
			files = (
			);
			inputPaths = (
				"${SRCROOT}/Pods/Target Support Files/Pods-Todoey/Pods-Todoey-frameworks.sh",
				"${BUILT_PRODUCTS_DIR}/Realm/Realm.framework",
				"${BUILT_PRODUCTS_DIR}/RealmSwift/RealmSwift.framework",
			);
			name = "[CP] Embed Pods Frameworks";
			outputPaths = (
				"${TARGET_BUILD_DIR}/${FRAMEWORKS_FOLDER_PATH}/Realm.framework",
				"${TARGET_BUILD_DIR}/${FRAMEWORKS_FOLDER_PATH}/RealmSwift.framework",
			);
			runOnlyForDeploymentPostprocessing = 0;
			shellPath = /bin/sh;
			shellScript = "\"${SRCROOT}/Pods/Target Support Files/Pods-Todoey/Pods-Todoey-frameworks.sh\"\n";
			showEnvVarsInLog = 0;
		};
/* End PBXShellScriptBuildPhase section */

/* Begin PBXSourcesBuildPhase section */
		A8316EDB20A852E900AD4E69 /* Sources */ = {
			isa = PBXSourcesBuildPhase;
			buildActionMask = 2147483647;
			files = (
				A853480220B072E9004C5A10 /* Item.swift in Sources */,
				A8316EE520A852EA00AD4E69 /* TodoListController.swift in Sources */,
				A87444A720B00FC6000C38BA /* CatalogController.swift in Sources */,
				A853480420B072FA004C5A10 /* Catalog.swift in Sources */,
				A8316EE320A852E900AD4E69 /* AppDelegate.swift in Sources */,
			);
			runOnlyForDeploymentPostprocessing = 0;
		};
/* End PBXSourcesBuildPhase section */

/* Begin PBXVariantGroup section */
		A8316EE620A852EA00AD4E69 /* Main.storyboard */ = {
			isa = PBXVariantGroup;
			children = (
				A8316EE720A852EA00AD4E69 /* Base */,
			);
			name = Main.storyboard;
			sourceTree = "<group>";
		};
		A8316EEB20A852EA00AD4E69 /* LaunchScreen.storyboard */ = {
			isa = PBXVariantGroup;
			children = (
				A8316EEC20A852EA00AD4E69 /* Base */,
			);
			name = LaunchScreen.storyboard;
			sourceTree = "<group>";
		};
/* End PBXVariantGroup section */

/* Begin XCBuildConfiguration section */
		A8316EEF20A852EA00AD4E69 /* Debug */ = {
			isa = XCBuildConfiguration;
			buildSettings = {
				ALWAYS_SEARCH_USER_PATHS = NO;
				CLANG_ANALYZER_NONNULL = YES;
				CLANG_ANALYZER_NUMBER_OBJECT_CONVERSION = YES_AGGRESSIVE;
				CLANG_CXX_LANGUAGE_STANDARD = "gnu++14";
				CLANG_CXX_LIBRARY = "libc++";
				CLANG_ENABLE_MODULES = YES;
				CLANG_ENABLE_OBJC_ARC = YES;
				CLANG_ENABLE_OBJC_WEAK = YES;
				CLANG_WARN_BLOCK_CAPTURE_AUTORELEASING = YES;
				CLANG_WARN_BOOL_CONVERSION = YES;
				CLANG_WARN_COMMA = YES;
				CLANG_WARN_CONSTANT_CONVERSION = YES;
				CLANG_WARN_DEPRECATED_OBJC_IMPLEMENTATIONS = YES;
				CLANG_WARN_DIRECT_OBJC_ISA_USAGE = YES_ERROR;
				CLANG_WARN_DOCUMENTATION_COMMENTS = YES;
				CLANG_WARN_EMPTY_BODY = YES;
				CLANG_WARN_ENUM_CONVERSION = YES;
				CLANG_WARN_INFINITE_RECURSION = YES;
				CLANG_WARN_INT_CONVERSION = YES;
				CLANG_WARN_NON_LITERAL_NULL_CONVERSION = YES;
				CLANG_WARN_OBJC_IMPLICIT_RETAIN_SELF = YES;
				CLANG_WARN_OBJC_LITERAL_CONVERSION = YES;
				CLANG_WARN_OBJC_ROOT_CLASS = YES_ERROR;
				CLANG_WARN_RANGE_LOOP_ANALYSIS = YES;
				CLANG_WARN_STRICT_PROTOTYPES = YES;
				CLANG_WARN_SUSPICIOUS_MOVE = YES;
				CLANG_WARN_UNGUARDED_AVAILABILITY = YES_AGGRESSIVE;
				CLANG_WARN_UNREACHABLE_CODE = YES;
				CLANG_WARN__DUPLICATE_METHOD_MATCH = YES;
				CODE_SIGN_IDENTITY = "iPhone Developer";
				COPY_PHASE_STRIP = NO;
				DEBUG_INFORMATION_FORMAT = dwarf;
				ENABLE_STRICT_OBJC_MSGSEND = YES;
				ENABLE_TESTABILITY = YES;
				GCC_C_LANGUAGE_STANDARD = gnu11;
				GCC_DYNAMIC_NO_PIC = NO;
				GCC_NO_COMMON_BLOCKS = YES;
				GCC_OPTIMIZATION_LEVEL = 0;
				GCC_PREPROCESSOR_DEFINITIONS = (
					"DEBUG=1",
					"$(inherited)",
				);
				GCC_WARN_64_TO_32_BIT_CONVERSION = YES;
				GCC_WARN_ABOUT_RETURN_TYPE = YES_ERROR;
				GCC_WARN_UNDECLARED_SELECTOR = YES;
				GCC_WARN_UNINITIALIZED_AUTOS = YES_AGGRESSIVE;
				GCC_WARN_UNUSED_FUNCTION = YES;
				GCC_WARN_UNUSED_VARIABLE = YES;
				IPHONEOS_DEPLOYMENT_TARGET = 11.3;
				MTL_ENABLE_DEBUG_INFO = YES;
				ONLY_ACTIVE_ARCH = YES;
				SDKROOT = iphoneos;
				SWIFT_ACTIVE_COMPILATION_CONDITIONS = DEBUG;
				SWIFT_OPTIMIZATION_LEVEL = "-Onone";
			};
			name = Debug;
		};
		A8316EF020A852EA00AD4E69 /* Release */ = {
			isa = XCBuildConfiguration;
			buildSettings = {
				ALWAYS_SEARCH_USER_PATHS = NO;
				CLANG_ANALYZER_NONNULL = YES;
				CLANG_ANALYZER_NUMBER_OBJECT_CONVERSION = YES_AGGRESSIVE;
				CLANG_CXX_LANGUAGE_STANDARD = "gnu++14";
				CLANG_CXX_LIBRARY = "libc++";
				CLANG_ENABLE_MODULES = YES;
				CLANG_ENABLE_OBJC_ARC = YES;
				CLANG_ENABLE_OBJC_WEAK = YES;
				CLANG_WARN_BLOCK_CAPTURE_AUTORELEASING = YES;
				CLANG_WARN_BOOL_CONVERSION = YES;
				CLANG_WARN_COMMA = YES;
				CLANG_WARN_CONSTANT_CONVERSION = YES;
				CLANG_WARN_DEPRECATED_OBJC_IMPLEMENTATIONS = YES;
				CLANG_WARN_DIRECT_OBJC_ISA_USAGE = YES_ERROR;
				CLANG_WARN_DOCUMENTATION_COMMENTS = YES;
				CLANG_WARN_EMPTY_BODY = YES;
				CLANG_WARN_ENUM_CONVERSION = YES;
				CLANG_WARN_INFINITE_RECURSION = YES;
				CLANG_WARN_INT_CONVERSION = YES;
				CLANG_WARN_NON_LITERAL_NULL_CONVERSION = YES;
				CLANG_WARN_OBJC_IMPLICIT_RETAIN_SELF = YES;
				CLANG_WARN_OBJC_LITERAL_CONVERSION = YES;
				CLANG_WARN_OBJC_ROOT_CLASS = YES_ERROR;
				CLANG_WARN_RANGE_LOOP_ANALYSIS = YES;
				CLANG_WARN_STRICT_PROTOTYPES = YES;
				CLANG_WARN_SUSPICIOUS_MOVE = YES;
				CLANG_WARN_UNGUARDED_AVAILABILITY = YES_AGGRESSIVE;
				CLANG_WARN_UNREACHABLE_CODE = YES;
				CLANG_WARN__DUPLICATE_METHOD_MATCH = YES;
				CODE_SIGN_IDENTITY = "iPhone Developer";
				COPY_PHASE_STRIP = NO;
				DEBUG_INFORMATION_FORMAT = "dwarf-with-dsym";
				ENABLE_NS_ASSERTIONS = NO;
				ENABLE_STRICT_OBJC_MSGSEND = YES;
				GCC_C_LANGUAGE_STANDARD = gnu11;
				GCC_NO_COMMON_BLOCKS = YES;
				GCC_WARN_64_TO_32_BIT_CONVERSION = YES;
				GCC_WARN_ABOUT_RETURN_TYPE = YES_ERROR;
				GCC_WARN_UNDECLARED_SELECTOR = YES;
				GCC_WARN_UNINITIALIZED_AUTOS = YES_AGGRESSIVE;
				GCC_WARN_UNUSED_FUNCTION = YES;
				GCC_WARN_UNUSED_VARIABLE = YES;
				IPHONEOS_DEPLOYMENT_TARGET = 11.3;
				MTL_ENABLE_DEBUG_INFO = NO;
				SDKROOT = iphoneos;
				SWIFT_COMPILATION_MODE = wholemodule;
				SWIFT_OPTIMIZATION_LEVEL = "-O";
				VALIDATE_PRODUCT = YES;
			};
			name = Release;
		};
		A8316EF220A852EA00AD4E69 /* Debug */ = {
			isa = XCBuildConfiguration;
			baseConfigurationReference = 0B78AC062FAE1C3BCE8DA488 /* Pods-Todoey.debug.xcconfig */;
			buildSettings = {
				ASSETCATALOG_COMPILER_APPICON_NAME = AppIcon;
				CODE_SIGN_STYLE = Automatic;
				DEVELOPMENT_TEAM = 4X399H32WC;
				INFOPLIST_FILE = Todoey/Info.plist;
				LD_RUNPATH_SEARCH_PATHS = (
					"$(inherited)",
					"@executable_path/Frameworks",
				);
				PRODUCT_BUNDLE_IDENTIFIER = jp.jinjerkintai.user.dev2;
				PRODUCT_NAME = "$(TARGET_NAME)";
				SWIFT_VERSION = 4.0;
				TARGETED_DEVICE_FAMILY = "1,2";
			};
			name = Debug;
		};
		A8316EF320A852EA00AD4E69 /* Release */ = {
			isa = XCBuildConfiguration;
			baseConfigurationReference = 5980A76AB32FFD5BD36E91C8 /* Pods-Todoey.release.xcconfig */;
			buildSettings = {
				ASSETCATALOG_COMPILER_APPICON_NAME = AppIcon;
				CODE_SIGN_STYLE = Automatic;
				DEVELOPMENT_TEAM = 4X399H32WC;
				INFOPLIST_FILE = Todoey/Info.plist;
				LD_RUNPATH_SEARCH_PATHS = (
					"$(inherited)",
					"@executable_path/Frameworks",
				);
				PRODUCT_BUNDLE_IDENTIFIER = jp.jinjerkintai.user.dev2;
				PRODUCT_NAME = "$(TARGET_NAME)";
				SWIFT_VERSION = 4.0;
				TARGETED_DEVICE_FAMILY = "1,2";
			};
			name = Release;
		};
/* End XCBuildConfiguration section */

/* Begin XCConfigurationList section */
		A8316EDA20A852E900AD4E69 /* Build configuration list for PBXProject "Todoey" */ = {
			isa = XCConfigurationList;
			buildConfigurations = (
				A8316EEF20A852EA00AD4E69 /* Debug */,
				A8316EF020A852EA00AD4E69 /* Release */,
			);
			defaultConfigurationIsVisible = 0;
			defaultConfigurationName = Release;
		};
		A8316EF120A852EA00AD4E69 /* Build configuration list for PBXNativeTarget "Todoey" */ = {
			isa = XCConfigurationList;
			buildConfigurations = (
				A8316EF220A852EA00AD4E69 /* Debug */,
				A8316EF320A852EA00AD4E69 /* Release */,
			);
			defaultConfigurationIsVisible = 0;
			defaultConfigurationName = Release;
		};
/* End XCConfigurationList section */
	};
	rootObject = A8316ED720A852E900AD4E69 /* Project object */;
}
